
Microsoft Visual Studio Solution File, Format Version 12.00
# Visual Studio Version 17
VisualStudioVersion = 17.2.32616.157
MinimumVisualStudioVersion = 10.0.40219.1
Project("{FAE04EC0-301F-11D3-BF4B-00C04F79EFBC}") = "GamesListing", "GamesListing\GamesListing.csproj", "{7923D3E4-948D-4719-AF19-F0634C12A255}"
EndProject
Global
	GlobalSection(SolutionConfigurationPlatforms) = preSolution
		Debug|Any CPU = Debug|Any CPU
		Release|Any CPU = Release|Any CPU
	EndGlobalSection
	GlobalSection(ProjectConfigurationPlatforms) = postSolution
		{7923D3E4-948D-4719-AF19-F0634C12A255}.Debug|Any CPU.ActiveCfg = Debug|Any CPU
		{7923D3E4-948D-4719-AF19-F0634C12A255}.Debug|Any CPU.Build.0 = Debug|Any CPU
		{7923D3E4-948D-4719-AF19-F0634C12A255}.Release|Any CPU.ActiveCfg = Release|Any CPU
		{7923D3E4-948D-4719-AF19-F0634C12A255}.Release|Any CPU.Build.0 = Release|Any CPU
	EndGlobalSection
	GlobalSection(SolutionProperties) = preSolution
		HideSolutionNode = FALSE
	EndGlobalSection
	GlobalSection(ExtensibilityGlobals) = postSolution
		SolutionGuid = {4B32A63F-F8F1-40AA-9200-8F1A29CCCBBA}
	EndGlobalSection
EndGlobal
